
Microsoft Visual Studio Solution File, Format Version 12.00
# Visual Studio Version 17
VisualStudioVersion = 17.4.33122.133
MinimumVisualStudioVersion = 10.0.40219.1
Project("{FAE04EC0-301F-11D3-BF4B-00C04F79EFBC}") = "Interfaces", "Interfaces\Interfaces.csproj", "{69F150DE-B3BB-49C3-BCA8-42BE61FC3948}"
EndProject
Global
	GlobalSection(SolutionConfigurationPlatforms) = preSolution
		Debug|Any CPU = Debug|Any CPU
		Release|Any CPU = Release|Any CPU
	EndGlobalSection
	GlobalSection(ProjectConfigurationPlatforms) = postSolution
		{69F150DE-B3BB-49C3-BCA8-42BE61FC3948}.Debug|Any CPU.ActiveCfg = Debug|Any CPU
		{69F150DE-B3BB-49C3-BCA8-42BE61FC3948}.Debug|Any CPU.Build.0 = Debug|Any CPU
		{69F150DE-B3BB-49C3-BCA8-42BE61FC3948}.Release|Any CPU.ActiveCfg = Release|Any CPU
		{69F150DE-B3BB-49C3-BCA8-42BE61FC3948}.Release|Any CPU.Build.0 = Release|Any CPU
	EndGlobalSection
	GlobalSection(SolutionProperties) = preSolution
		HideSolutionNode = FALSE
	EndGlobalSection
	GlobalSection(ExtensibilityGlobals) = postSolution
		SolutionGuid = {36E7B04E-F362-4D5D-BA1D-0B2B8C7AD09E}
	EndGlobalSection
EndGlobal
